
Microsoft Visual Studio Solution File, Format Version 12.00
# Visual Studio Version 17
VisualStudioVersion = 17.7.34221.43
MinimumVisualStudioVersion = 10.0.40219.1
Project("{FAE04EC0-301F-11D3-BF4B-00C04F79EFBC}") = "kutuphane", "kutuphane.csproj", "{96AC1088-63BD-4503-9363-EDE19E532AE6}"
EndProject
Global
	GlobalSection(SolutionConfigurationPlatforms) = preSolution
		Debug|Any CPU = Debug|Any CPU
		Release|Any CPU = Release|Any CPU
	EndGlobalSection
	GlobalSection(ProjectConfigurationPlatforms) = postSolution
		{96AC1088-63BD-4503-9363-EDE19E532AE6}.Debug|Any CPU.ActiveCfg = Debug|Any CPU
		{96AC1088-63BD-4503-9363-EDE19E532AE6}.Debug|Any CPU.Build.0 = Debug|Any CPU
		{96AC1088-63BD-4503-9363-EDE19E532AE6}.Release|Any CPU.ActiveCfg = Release|Any CPU
		{96AC1088-63BD-4503-9363-EDE19E532AE6}.Release|Any CPU.Build.0 = Release|Any CPU
	EndGlobalSection
	GlobalSection(SolutionProperties) = preSolution
		HideSolutionNode = FALSE
	EndGlobalSection
	GlobalSection(ExtensibilityGlobals) = postSolution
		SolutionGuid = {5DB89646-6022-4D69-B81D-6235C2C9308F}
	EndGlobalSection
EndGlobal
